
Microsoft Visual Studio Solution File, Format Version 12.00
# Visual Studio 15
VisualStudioVersion = 15.0.27004.2008
MinimumVisualStudioVersion = 10.0.40219.1
Project("{FAE04EC0-301F-11D3-BF4B-00C04F79EFBC}") = "MockUpScrrens", "MockUpScrrens\MockUpScrrens.csproj", "{A8470CE2-2B33-4E71-9635-893C044AB032}"
EndProject
Global
	GlobalSection(SolutionConfigurationPlatforms) = preSolution
		Debug|Any CPU = Debug|Any CPU
		Release|Any CPU = Release|Any CPU
	EndGlobalSection
	GlobalSection(ProjectConfigurationPlatforms) = postSolution
		{A8470CE2-2B33-4E71-9635-893C044AB032}.Debug|Any CPU.ActiveCfg = Debug|Any CPU
		{A8470CE2-2B33-4E71-9635-893C044AB032}.Debug|Any CPU.Build.0 = Debug|Any CPU
		{A8470CE2-2B33-4E71-9635-893C044AB032}.Release|Any CPU.ActiveCfg = Release|Any CPU
		{A8470CE2-2B33-4E71-9635-893C044AB032}.Release|Any CPU.Build.0 = Release|Any CPU
	EndGlobalSection
	GlobalSection(SolutionProperties) = preSolution
		HideSolutionNode = FALSE
	EndGlobalSection
	GlobalSection(ExtensibilityGlobals) = postSolution
		SolutionGuid = {FDD4D4E1-C378-41CC-8254-46580C4DB257}
	EndGlobalSection
EndGlobal
